
Microsoft Visual Studio Solution File, Format Version 12.00
# Visual Studio Version 17
VisualStudioVersion = 17.5.33414.496
MinimumVisualStudioVersion = 10.0.40219.1
Project("{FAE04EC0-301F-11D3-BF4B-00C04F79EFBC}") = "HW1", "HW1\HW1.csproj", "{6DB403CB-1674-4B63-AE85-F07461D2C712}"
EndProject
Global
	GlobalSection(SolutionConfigurationPlatforms) = preSolution
		Debug|Any CPU = Debug|Any CPU
		Release|Any CPU = Release|Any CPU
	EndGlobalSection
	GlobalSection(ProjectConfigurationPlatforms) = postSolution
		{6DB403CB-1674-4B63-AE85-F07461D2C712}.Debug|Any CPU.ActiveCfg = Debug|Any CPU
		{6DB403CB-1674-4B63-AE85-F07461D2C712}.Debug|Any CPU.Build.0 = Debug|Any CPU
		{6DB403CB-1674-4B63-AE85-F07461D2C712}.Release|Any CPU.ActiveCfg = Release|Any CPU
		{6DB403CB-1674-4B63-AE85-F07461D2C712}.Release|Any CPU.Build.0 = Release|Any CPU
	EndGlobalSection
	GlobalSection(SolutionProperties) = preSolution
		HideSolutionNode = FALSE
	EndGlobalSection
	GlobalSection(ExtensibilityGlobals) = postSolution
		SolutionGuid = {64C38DFF-6973-4E21-ADD6-8180ABBB3A38}
	EndGlobalSection
EndGlobal
